{
  "version": 4,
  "terraform_version": "1.2.2",
  "serial": 59,
  "lineage": "d7619ac5-faed-c439-3e44-19aef546d5b9",
  "outputs": {
    "external_ip_address_node01": {
      "value": "51.250.80.61",
      "type": "string"
    },
    "external_ip_address_node02": {
      "value": "51.250.84.30",
      "type": "string"
    },
    "external_ip_address_node03": {
      "value": "51.250.94.52",
      "type": "string"
    },
    "external_ip_address_node04": {
      "value": "51.250.75.34",
      "type": "string"
    },
    "external_ip_address_node05": {
      "value": "51.250.95.78",
      "type": "string"
    },
    "external_ip_address_node06": {
      "value": "51.250.91.156",
      "type": "string"
    },
    "internal_ip_address_node01": {
      "value": "192.168.101.11",
      "type": "string"
    },
    "internal_ip_address_node02": {
      "value": "192.168.101.12",
      "type": "string"
    },
    "internal_ip_address_node03": {
      "value": "192.168.101.13",
      "type": "string"
    },
    "internal_ip_address_node04": {
      "value": "192.168.101.14",
      "type": "string"
    },
    "internal_ip_address_node05": {
      "value": "192.168.101.15",
      "type": "string"
    },
    "internal_ip_address_node06": {
      "value": "192.168.101.16",
      "type": "string"
    }
  },
  "resources": [
    {
      "mode": "managed",
      "type": "local_file",
      "name": "inventory",
      "provider": "provider[\"registry.terraform.io/hashicorp/local\"]",
      "instances": [
        {
          "schema_version": 0,
          "attributes": {
            "content": "# Ansible inventory containing variable values from Terraform.\n# Generated by Terraform.\n\n[nodes:children]\nmanagers\nworkers\n\n[managers:children]\nactive\nstandby\n\n[active]\nnode01.netology.yc ansible_host=51.250.80.61\n\n[standby]\nnode02.netology.yc ansible_host=51.250.84.30\nnode03.netology.yc ansible_host=51.250.94.52\n\n[workers]\nnode04.netology.yc ansible_host=51.250.75.34\nnode05.netology.yc ansible_host=51.250.95.78\nnode06.netology.yc ansible_host=51.250.91.156\n",
            "content_base64": null,
            "directory_permission": "0777",
            "file_permission": "0777",
            "filename": "../ansible/inventory",
            "id": "32f6b6ca9893e3b740d4c7226183779ab8d8eaef",
            "sensitive_content": null,
            "source": null
          },
          "sensitive_attributes": [],
          "private": "bnVsbA==",
          "dependencies": [
            "yandex_compute_instance.node01",
            "yandex_compute_instance.node02",
            "yandex_compute_instance.node03",
            "yandex_compute_instance.node04",
            "yandex_compute_instance.node05",
            "yandex_compute_instance.node06",
            "yandex_vpc_network.default",
            "yandex_vpc_subnet.default"
          ]
        }
      ]
    },
    {
      "mode": "managed",
      "type": "null_resource",
      "name": "cluster",
      "provider": "provider[\"registry.terraform.io/hashicorp/null\"]",
      "instances": [
        {
          "schema_version": 0,
          "attributes": {
            "id": "8154702986623221564",
            "triggers": null
          },
          "sensitive_attributes": [],
          "private": "bnVsbA==",
          "dependencies": [
            "local_file.inventory",
            "null_resource.wait",
            "yandex_compute_instance.node01",
            "yandex_compute_instance.node02",
            "yandex_compute_instance.node03",
            "yandex_compute_instance.node04",
            "yandex_compute_instance.node05",
            "yandex_compute_instance.node06",
            "yandex_vpc_network.default",
            "yandex_vpc_subnet.default"
          ]
        }
      ]
    },
    {
      "mode": "managed",
      "type": "null_resource",
      "name": "monitoring",
      "provider": "provider[\"registry.terraform.io/hashicorp/null\"]",
      "instances": [
        {
          "schema_version": 0,
          "attributes": {
            "id": "7841707298937047117",
            "triggers": null
          },
          "sensitive_attributes": [],
          "private": "bnVsbA==",
          "dependencies": [
            "local_file.inventory",
            "null_resource.cluster",
            "null_resource.sync",
            "null_resource.wait",
            "yandex_compute_instance.node01",
            "yandex_compute_instance.node02",
            "yandex_compute_instance.node03",
            "yandex_compute_instance.node04",
            "yandex_compute_instance.node05",
            "yandex_compute_instance.node06",
            "yandex_vpc_network.default",
            "yandex_vpc_subnet.default"
          ]
        }
      ]
    },
    {
      "mode": "managed",
      "type": "null_resource",
      "name": "sync",
      "provider": "provider[\"registry.terraform.io/hashicorp/null\"]",
      "instances": [
        {
          "schema_version": 0,
          "attributes": {
            "id": "6767134151216686328",
            "triggers": null
          },
          "sensitive_attributes": [],
          "private": "bnVsbA==",
          "dependencies": [
            "local_file.inventory",
            "null_resource.cluster",
            "null_resource.wait",
            "yandex_compute_instance.node01",
            "yandex_compute_instance.node02",
            "yandex_compute_instance.node03",
            "yandex_compute_instance.node04",
            "yandex_compute_instance.node05",
            "yandex_compute_instance.node06",
            "yandex_vpc_network.default",
            "yandex_vpc_subnet.default"
          ]
        }
      ]
    },
    {
      "mode": "managed",
      "type": "null_resource",
      "name": "wait",
      "provider": "provider[\"registry.terraform.io/hashicorp/null\"]",
      "instances": [
        {
          "schema_version": 0,
          "attributes": {
            "id": "1672922303144247061",
            "triggers": null
          },
          "sensitive_attributes": [],
          "private": "bnVsbA==",
          "dependencies": [
            "local_file.inventory",
            "yandex_compute_instance.node01",
            "yandex_compute_instance.node02",
            "yandex_compute_instance.node03",
            "yandex_compute_instance.node04",
            "yandex_compute_instance.node05",
            "yandex_compute_instance.node06",
            "yandex_vpc_network.default",
            "yandex_vpc_subnet.default"
          ]
        }
      ]
    },
    {
      "mode": "managed",
      "type": "yandex_compute_instance",
      "name": "node01",
      "provider": "provider[\"registry.terraform.io/yandex-cloud/yandex\"]",
      "instances": [
        {
          "schema_version": 1,
          "attributes": {
            "allow_recreate": null,
            "allow_stopping_for_update": true,
            "boot_disk": [
              {
                "auto_delete": true,
                "device_name": "fhmqvun196cr11q2p0a6",
                "disk_id": "fhmqvun196cr11q2p0a6",
                "initialize_params": [
                  {
                    "block_size": 4096,
                    "description": "",
                    "image_id": "fd8evf7mghrg3r4t2412",
                    "name": "root-node01",
                    "size": 10,
                    "snapshot_id": "",
                    "type": "network-ssd"
                  }
                ],
                "mode": "READ_WRITE"
              }
            ],
            "created_at": "2022-06-19T11:08:11Z",
            "description": "",
            "folder_id": "b1gpksnu88qbtk830p1h",
            "fqdn": "node01.netology.yc",
            "hostname": "node01",
            "id": "fhmcmiufeekv6omm0p8c",
            "labels": null,
            "metadata": {
              "ssh-keys": "centos:ssh-rsa AAAAB3NzaC1yc2EAAAADAQABAAABgQC5eGwMa5Ja1vb7H1qGWWMeHOxGA5DXyaSOxrPHfPD5XVa4k3pcelVa1N6Fnigmqf6JG69yC6ZwZll4ejYexSMeLBFaPMPj0WwY5Zr6TDfMw/c7vZhEw4rRv1NNVIa5nHLre4dEREHSOAwNaQChfNolIcqKzEqBFzPEfCzprx9Y3P9Epsq5x7KcPATPR03TaLbWcGR5dTUwTyyKBtzoaGFimy+qnmV2HENE+rHG2TPzvupdTFnvK8Itiyzk/iasEAyJUUpH1pyw7u8rlvVyH4ERDk0FfLwmfvpWaBTeyJf9clgWmpAB3PyzlIzvzA6aogAgXqTRF+oZy4DFQQhk4wGzwVQg1vjUvgPU/jKGE/XaqOgvsa9vbuS6IBjrpJgnGCmuSyJOM3lKtTagPLN5IoMcy57cZYYRPHSuRXP3YadnFG41tHvYM+GgfOkvyMtkRtItwSuWTzhpBize1b7D+BTk/u1QyYE+LAVkN1XLFdaIrbsfYVu+OiFWzuDnUcB0Tvs= ruslan@ruslan-notebook\n"
            },
            "name": "node01",
            "network_acceleration_type": "standard",
            "network_interface": [
              {
                "dns_record": [],
                "index": 0,
                "ip_address": "192.168.101.11",
                "ipv4": true,
                "ipv6": false,
                "ipv6_address": "",
                "ipv6_dns_record": [],
                "mac_address": "d0:0d:cb:4b:cf:73",
                "nat": true,
                "nat_dns_record": [],
                "nat_ip_address": "51.250.80.61",
                "nat_ip_version": "IPV4",
                "security_group_ids": [],
                "subnet_id": "e9b78l311l3o2pn3lmte"
              }
            ],
            "placement_policy": [
              {
                "host_affinity_rules": [],
                "placement_group_id": ""
              }
            ],
            "platform_id": "standard-v1",
            "resources": [
              {
                "core_fraction": 100,
                "cores": 4,
                "gpus": 0,
                "memory": 8
              }
            ],
            "scheduling_policy": [
              {
                "preemptible": false
              }
            ],
            "secondary_disk": [],
            "service_account_id": "",
            "status": "running",
            "timeouts": null,
            "zone": "ru-central1-a"
          },
          "sensitive_attributes": [],
          "private": "eyJlMmJmYjczMC1lY2FhLTExZTYtOGY4OC0zNDM2M2JjN2M0YzAiOnsiY3JlYXRlIjozMDAwMDAwMDAwMDAsImRlbGV0ZSI6MzAwMDAwMDAwMDAwLCJ1cGRhdGUiOjMwMDAwMDAwMDAwMH0sInNjaGVtYV92ZXJzaW9uIjoiMSJ9",
          "dependencies": [
            "yandex_vpc_network.default",
            "yandex_vpc_subnet.default"
          ]
        }
      ]
    },
    {
      "mode": "managed",
      "type": "yandex_compute_instance",
      "name": "node02",
      "provider": "provider[\"registry.terraform.io/yandex-cloud/yandex\"]",
      "instances": [
        {
          "schema_version": 1,
          "attributes": {
            "allow_recreate": null,
            "allow_stopping_for_update": true,
            "boot_disk": [
              {
                "auto_delete": true,
                "device_name": "fhmv3tf9ehvsqn0j422j",
                "disk_id": "fhmv3tf9ehvsqn0j422j",
                "initialize_params": [
                  {
                    "block_size": 4096,
                    "description": "",
                    "image_id": "fd8evf7mghrg3r4t2412",
                    "name": "root-node02",
                    "size": 10,
                    "snapshot_id": "",
                    "type": "network-ssd"
                  }
                ],
                "mode": "READ_WRITE"
              }
            ],
            "created_at": "2022-06-19T11:08:11Z",
            "description": "",
            "folder_id": "b1gpksnu88qbtk830p1h",
            "fqdn": "node02.netology.yc",
            "hostname": "node02",
            "id": "fhmrl1vvvj795dgkvdc7",
            "labels": null,
            "metadata": {
              "ssh-keys": "centos:ssh-rsa AAAAB3NzaC1yc2EAAAADAQABAAABgQC5eGwMa5Ja1vb7H1qGWWMeHOxGA5DXyaSOxrPHfPD5XVa4k3pcelVa1N6Fnigmqf6JG69yC6ZwZll4ejYexSMeLBFaPMPj0WwY5Zr6TDfMw/c7vZhEw4rRv1NNVIa5nHLre4dEREHSOAwNaQChfNolIcqKzEqBFzPEfCzprx9Y3P9Epsq5x7KcPATPR03TaLbWcGR5dTUwTyyKBtzoaGFimy+qnmV2HENE+rHG2TPzvupdTFnvK8Itiyzk/iasEAyJUUpH1pyw7u8rlvVyH4ERDk0FfLwmfvpWaBTeyJf9clgWmpAB3PyzlIzvzA6aogAgXqTRF+oZy4DFQQhk4wGzwVQg1vjUvgPU/jKGE/XaqOgvsa9vbuS6IBjrpJgnGCmuSyJOM3lKtTagPLN5IoMcy57cZYYRPHSuRXP3YadnFG41tHvYM+GgfOkvyMtkRtItwSuWTzhpBize1b7D+BTk/u1QyYE+LAVkN1XLFdaIrbsfYVu+OiFWzuDnUcB0Tvs= ruslan@ruslan-notebook\n"
            },
            "name": "node02",
            "network_acceleration_type": "standard",
            "network_interface": [
              {
                "dns_record": [],
                "index": 0,
                "ip_address": "192.168.101.12",
                "ipv4": true,
                "ipv6": false,
                "ipv6_address": "",
                "ipv6_dns_record": [],
                "mac_address": "d0:0d:1b:a8:7f:ff",
                "nat": true,
                "nat_dns_record": [],
                "nat_ip_address": "51.250.84.30",
                "nat_ip_version": "IPV4",
                "security_group_ids": [],
                "subnet_id": "e9b78l311l3o2pn3lmte"
              }
            ],
            "placement_policy": [
              {
                "host_affinity_rules": [],
                "placement_group_id": ""
              }
            ],
            "platform_id": "standard-v1",
            "resources": [
              {
                "core_fraction": 100,
                "cores": 4,
                "gpus": 0,
                "memory": 8
              }
            ],
            "scheduling_policy": [
              {
                "preemptible": false
              }
            ],
            "secondary_disk": [],
            "service_account_id": "",
            "status": "running",
            "timeouts": null,
            "zone": "ru-central1-a"
          },
          "sensitive_attributes": [],
          "private": "eyJlMmJmYjczMC1lY2FhLTExZTYtOGY4OC0zNDM2M2JjN2M0YzAiOnsiY3JlYXRlIjozMDAwMDAwMDAwMDAsImRlbGV0ZSI6MzAwMDAwMDAwMDAwLCJ1cGRhdGUiOjMwMDAwMDAwMDAwMH0sInNjaGVtYV92ZXJzaW9uIjoiMSJ9",
          "dependencies": [
            "yandex_vpc_network.default",
            "yandex_vpc_subnet.default"
          ]
        }
      ]
    },
    {
      "mode": "managed",
      "type": "yandex_compute_instance",
      "name": "node03",
      "provider": "provider[\"registry.terraform.io/yandex-cloud/yandex\"]",
      "instances": [
        {
          "schema_version": 1,
          "attributes": {
            "allow_recreate": null,
            "allow_stopping_for_update": true,
            "boot_disk": [
              {
                "auto_delete": true,
                "device_name": "fhmsvud4nf7o2a9409rv",
                "disk_id": "fhmsvud4nf7o2a9409rv",
                "initialize_params": [
                  {
                    "block_size": 4096,
                    "description": "",
                    "image_id": "fd8evf7mghrg3r4t2412",
                    "name": "root-node03",
                    "size": 10,
                    "snapshot_id": "",
                    "type": "network-ssd"
                  }
                ],
                "mode": "READ_WRITE"
              }
            ],
            "created_at": "2022-06-19T11:08:11Z",
            "description": "",
            "folder_id": "b1gpksnu88qbtk830p1h",
            "fqdn": "node03.netology.yc",
            "hostname": "node03",
            "id": "fhmn8v7g99tv02co1qoi",
            "labels": null,
            "metadata": {
              "ssh-keys": "centos:ssh-rsa AAAAB3NzaC1yc2EAAAADAQABAAABgQC5eGwMa5Ja1vb7H1qGWWMeHOxGA5DXyaSOxrPHfPD5XVa4k3pcelVa1N6Fnigmqf6JG69yC6ZwZll4ejYexSMeLBFaPMPj0WwY5Zr6TDfMw/c7vZhEw4rRv1NNVIa5nHLre4dEREHSOAwNaQChfNolIcqKzEqBFzPEfCzprx9Y3P9Epsq5x7KcPATPR03TaLbWcGR5dTUwTyyKBtzoaGFimy+qnmV2HENE+rHG2TPzvupdTFnvK8Itiyzk/iasEAyJUUpH1pyw7u8rlvVyH4ERDk0FfLwmfvpWaBTeyJf9clgWmpAB3PyzlIzvzA6aogAgXqTRF+oZy4DFQQhk4wGzwVQg1vjUvgPU/jKGE/XaqOgvsa9vbuS6IBjrpJgnGCmuSyJOM3lKtTagPLN5IoMcy57cZYYRPHSuRXP3YadnFG41tHvYM+GgfOkvyMtkRtItwSuWTzhpBize1b7D+BTk/u1QyYE+LAVkN1XLFdaIrbsfYVu+OiFWzuDnUcB0Tvs= ruslan@ruslan-notebook\n"
            },
            "name": "node03",
            "network_acceleration_type": "standard",
            "network_interface": [
              {
                "dns_record": [],
                "index": 0,
                "ip_address": "192.168.101.13",
                "ipv4": true,
                "ipv6": false,
                "ipv6_address": "",
                "ipv6_dns_record": [],
                "mac_address": "d0:0d:17:47:cf:04",
                "nat": true,
                "nat_dns_record": [],
                "nat_ip_address": "51.250.94.52",
                "nat_ip_version": "IPV4",
                "security_group_ids": [],
                "subnet_id": "e9b78l311l3o2pn3lmte"
              }
            ],
            "placement_policy": [
              {
                "host_affinity_rules": [],
                "placement_group_id": ""
              }
            ],
            "platform_id": "standard-v1",
            "resources": [
              {
                "core_fraction": 100,
                "cores": 4,
                "gpus": 0,
                "memory": 8
              }
            ],
            "scheduling_policy": [
              {
                "preemptible": false
              }
            ],
            "secondary_disk": [],
            "service_account_id": "",
            "status": "running",
            "timeouts": null,
            "zone": "ru-central1-a"
          },
          "sensitive_attributes": [],
          "private": "eyJlMmJmYjczMC1lY2FhLTExZTYtOGY4OC0zNDM2M2JjN2M0YzAiOnsiY3JlYXRlIjozMDAwMDAwMDAwMDAsImRlbGV0ZSI6MzAwMDAwMDAwMDAwLCJ1cGRhdGUiOjMwMDAwMDAwMDAwMH0sInNjaGVtYV92ZXJzaW9uIjoiMSJ9",
          "dependencies": [
            "yandex_vpc_network.default",
            "yandex_vpc_subnet.default"
          ]
        }
      ]
    },
    {
      "mode": "managed",
      "type": "yandex_compute_instance",
      "name": "node04",
      "provider": "provider[\"registry.terraform.io/yandex-cloud/yandex\"]",
      "instances": [
        {
          "schema_version": 1,
          "attributes": {
            "allow_recreate": null,
            "allow_stopping_for_update": true,
            "boot_disk": [
              {
                "auto_delete": true,
                "device_name": "fhma7hbjht9oofh1l9dt",
                "disk_id": "fhma7hbjht9oofh1l9dt",
                "initialize_params": [
                  {
                    "block_size": 4096,
                    "description": "",
                    "image_id": "fd8evf7mghrg3r4t2412",
                    "name": "root-node04",
                    "size": 40,
                    "snapshot_id": "",
                    "type": "network-ssd"
                  }
                ],
                "mode": "READ_WRITE"
              }
            ],
            "created_at": "2022-06-19T11:08:11Z",
            "description": "",
            "folder_id": "b1gpksnu88qbtk830p1h",
            "fqdn": "node04.netology.yc",
            "hostname": "node04",
            "id": "fhmre7qlm95vk7s39eh6",
            "labels": null,
            "metadata": {
              "ssh-keys": "centos:ssh-rsa AAAAB3NzaC1yc2EAAAADAQABAAABgQC5eGwMa5Ja1vb7H1qGWWMeHOxGA5DXyaSOxrPHfPD5XVa4k3pcelVa1N6Fnigmqf6JG69yC6ZwZll4ejYexSMeLBFaPMPj0WwY5Zr6TDfMw/c7vZhEw4rRv1NNVIa5nHLre4dEREHSOAwNaQChfNolIcqKzEqBFzPEfCzprx9Y3P9Epsq5x7KcPATPR03TaLbWcGR5dTUwTyyKBtzoaGFimy+qnmV2HENE+rHG2TPzvupdTFnvK8Itiyzk/iasEAyJUUpH1pyw7u8rlvVyH4ERDk0FfLwmfvpWaBTeyJf9clgWmpAB3PyzlIzvzA6aogAgXqTRF+oZy4DFQQhk4wGzwVQg1vjUvgPU/jKGE/XaqOgvsa9vbuS6IBjrpJgnGCmuSyJOM3lKtTagPLN5IoMcy57cZYYRPHSuRXP3YadnFG41tHvYM+GgfOkvyMtkRtItwSuWTzhpBize1b7D+BTk/u1QyYE+LAVkN1XLFdaIrbsfYVu+OiFWzuDnUcB0Tvs= ruslan@ruslan-notebook\n"
            },
            "name": "node04",
            "network_acceleration_type": "standard",
            "network_interface": [
              {
                "dns_record": [],
                "index": 0,
                "ip_address": "192.168.101.14",
                "ipv4": true,
                "ipv6": false,
                "ipv6_address": "",
                "ipv6_dns_record": [],
                "mac_address": "d0:0d:1b:71:f5:5b",
                "nat": true,
                "nat_dns_record": [],
                "nat_ip_address": "51.250.75.34",
                "nat_ip_version": "IPV4",
                "security_group_ids": [],
                "subnet_id": "e9b78l311l3o2pn3lmte"
              }
            ],
            "placement_policy": [
              {
                "host_affinity_rules": [],
                "placement_group_id": ""
              }
            ],
            "platform_id": "standard-v1",
            "resources": [
              {
                "core_fraction": 100,
                "cores": 4,
                "gpus": 0,
                "memory": 8
              }
            ],
            "scheduling_policy": [
              {
                "preemptible": false
              }
            ],
            "secondary_disk": [],
            "service_account_id": "",
            "status": "running",
            "timeouts": null,
            "zone": "ru-central1-a"
          },
          "sensitive_attributes": [],
          "private": "eyJlMmJmYjczMC1lY2FhLTExZTYtOGY4OC0zNDM2M2JjN2M0YzAiOnsiY3JlYXRlIjozMDAwMDAwMDAwMDAsImRlbGV0ZSI6MzAwMDAwMDAwMDAwLCJ1cGRhdGUiOjMwMDAwMDAwMDAwMH0sInNjaGVtYV92ZXJzaW9uIjoiMSJ9",
          "dependencies": [
            "yandex_vpc_network.default",
            "yandex_vpc_subnet.default"
          ]
        }
      ]
    },
    {
      "mode": "managed",
      "type": "yandex_compute_instance",
      "name": "node05",
      "provider": "provider[\"registry.terraform.io/yandex-cloud/yandex\"]",
      "instances": [
        {
          "schema_version": 1,
          "attributes": {
            "allow_recreate": null,
            "allow_stopping_for_update": true,
            "boot_disk": [
              {
                "auto_delete": true,
                "device_name": "fhmog4v2kmf9gfomgtim",
                "disk_id": "fhmog4v2kmf9gfomgtim",
                "initialize_params": [
                  {
                    "block_size": 4096,
                    "description": "",
                    "image_id": "fd8evf7mghrg3r4t2412",
                    "name": "root-node05",
                    "size": 40,
                    "snapshot_id": "",
                    "type": "network-ssd"
                  }
                ],
                "mode": "READ_WRITE"
              }
            ],
            "created_at": "2022-06-19T11:08:11Z",
            "description": "",
            "folder_id": "b1gpksnu88qbtk830p1h",
            "fqdn": "node05.netology.yc",
            "hostname": "node05",
            "id": "fhm1oj5mcp9r8tjl1ejq",
            "labels": null,
            "metadata": {
              "ssh-keys": "centos:ssh-rsa AAAAB3NzaC1yc2EAAAADAQABAAABgQC5eGwMa5Ja1vb7H1qGWWMeHOxGA5DXyaSOxrPHfPD5XVa4k3pcelVa1N6Fnigmqf6JG69yC6ZwZll4ejYexSMeLBFaPMPj0WwY5Zr6TDfMw/c7vZhEw4rRv1NNVIa5nHLre4dEREHSOAwNaQChfNolIcqKzEqBFzPEfCzprx9Y3P9Epsq5x7KcPATPR03TaLbWcGR5dTUwTyyKBtzoaGFimy+qnmV2HENE+rHG2TPzvupdTFnvK8Itiyzk/iasEAyJUUpH1pyw7u8rlvVyH4ERDk0FfLwmfvpWaBTeyJf9clgWmpAB3PyzlIzvzA6aogAgXqTRF+oZy4DFQQhk4wGzwVQg1vjUvgPU/jKGE/XaqOgvsa9vbuS6IBjrpJgnGCmuSyJOM3lKtTagPLN5IoMcy57cZYYRPHSuRXP3YadnFG41tHvYM+GgfOkvyMtkRtItwSuWTzhpBize1b7D+BTk/u1QyYE+LAVkN1XLFdaIrbsfYVu+OiFWzuDnUcB0Tvs= ruslan@ruslan-notebook\n"
            },
            "name": "node05",
            "network_acceleration_type": "standard",
            "network_interface": [
              {
                "dns_record": [],
                "index": 0,
                "ip_address": "192.168.101.15",
                "ipv4": true,
                "ipv6": false,
                "ipv6_address": "",
                "ipv6_dns_record": [],
                "mac_address": "d0:0d:1c:4c:b6:66",
                "nat": true,
                "nat_dns_record": [],
                "nat_ip_address": "51.250.95.78",
                "nat_ip_version": "IPV4",
                "security_group_ids": [],
                "subnet_id": "e9b78l311l3o2pn3lmte"
              }
            ],
            "placement_policy": [
              {
                "host_affinity_rules": [],
                "placement_group_id": ""
              }
            ],
            "platform_id": "standard-v1",
            "resources": [
              {
                "core_fraction": 100,
                "cores": 4,
                "gpus": 0,
                "memory": 8
              }
            ],
            "scheduling_policy": [
              {
                "preemptible": false
              }
            ],
            "secondary_disk": [],
            "service_account_id": "",
            "status": "running",
            "timeouts": null,
            "zone": "ru-central1-a"
          },
          "sensitive_attributes": [],
          "private": "eyJlMmJmYjczMC1lY2FhLTExZTYtOGY4OC0zNDM2M2JjN2M0YzAiOnsiY3JlYXRlIjozMDAwMDAwMDAwMDAsImRlbGV0ZSI6MzAwMDAwMDAwMDAwLCJ1cGRhdGUiOjMwMDAwMDAwMDAwMH0sInNjaGVtYV92ZXJzaW9uIjoiMSJ9",
          "dependencies": [
            "yandex_vpc_network.default",
            "yandex_vpc_subnet.default"
          ]
        }
      ]
    },
    {
      "mode": "managed",
      "type": "yandex_compute_instance",
      "name": "node06",
      "provider": "provider[\"registry.terraform.io/yandex-cloud/yandex\"]",
      "instances": [
        {
          "schema_version": 1,
          "attributes": {
            "allow_recreate": null,
            "allow_stopping_for_update": true,
            "boot_disk": [
              {
                "auto_delete": true,
                "device_name": "fhme2m7o1ihbdtatl7no",
                "disk_id": "fhme2m7o1ihbdtatl7no",
                "initialize_params": [
                  {
                    "block_size": 4096,
                    "description": "",
                    "image_id": "fd8evf7mghrg3r4t2412",
                    "name": "root-node06",
                    "size": 40,
                    "snapshot_id": "",
                    "type": "network-ssd"
                  }
                ],
                "mode": "READ_WRITE"
              }
            ],
            "created_at": "2022-06-19T11:08:11Z",
            "description": "",
            "folder_id": "b1gpksnu88qbtk830p1h",
            "fqdn": "node06.netology.yc",
            "hostname": "node06",
            "id": "fhm7r81lk1j1tipcii1e",
            "labels": null,
            "metadata": {
              "ssh-keys": "centos:ssh-rsa AAAAB3NzaC1yc2EAAAADAQABAAABgQC5eGwMa5Ja1vb7H1qGWWMeHOxGA5DXyaSOxrPHfPD5XVa4k3pcelVa1N6Fnigmqf6JG69yC6ZwZll4ejYexSMeLBFaPMPj0WwY5Zr6TDfMw/c7vZhEw4rRv1NNVIa5nHLre4dEREHSOAwNaQChfNolIcqKzEqBFzPEfCzprx9Y3P9Epsq5x7KcPATPR03TaLbWcGR5dTUwTyyKBtzoaGFimy+qnmV2HENE+rHG2TPzvupdTFnvK8Itiyzk/iasEAyJUUpH1pyw7u8rlvVyH4ERDk0FfLwmfvpWaBTeyJf9clgWmpAB3PyzlIzvzA6aogAgXqTRF+oZy4DFQQhk4wGzwVQg1vjUvgPU/jKGE/XaqOgvsa9vbuS6IBjrpJgnGCmuSyJOM3lKtTagPLN5IoMcy57cZYYRPHSuRXP3YadnFG41tHvYM+GgfOkvyMtkRtItwSuWTzhpBize1b7D+BTk/u1QyYE+LAVkN1XLFdaIrbsfYVu+OiFWzuDnUcB0Tvs= ruslan@ruslan-notebook\n"
            },
            "name": "node06",
            "network_acceleration_type": "standard",
            "network_interface": [
              {
                "dns_record": [],
                "index": 0,
                "ip_address": "192.168.101.16",
                "ipv4": true,
                "ipv6": false,
                "ipv6_address": "",
                "ipv6_dns_record": [],
                "mac_address": "d0:0d:7d:a0:35:a0",
                "nat": true,
                "nat_dns_record": [],
                "nat_ip_address": "51.250.91.156",
                "nat_ip_version": "IPV4",
                "security_group_ids": [],
                "subnet_id": "e9b78l311l3o2pn3lmte"
              }
            ],
            "placement_policy": [
              {
                "host_affinity_rules": [],
                "placement_group_id": ""
              }
            ],
            "platform_id": "standard-v1",
            "resources": [
              {
                "core_fraction": 100,
                "cores": 4,
                "gpus": 0,
                "memory": 8
              }
            ],
            "scheduling_policy": [
              {
                "preemptible": false
              }
            ],
            "secondary_disk": [],
            "service_account_id": "",
            "status": "running",
            "timeouts": null,
            "zone": "ru-central1-a"
          },
          "sensitive_attributes": [],
          "private": "eyJlMmJmYjczMC1lY2FhLTExZTYtOGY4OC0zNDM2M2JjN2M0YzAiOnsiY3JlYXRlIjozMDAwMDAwMDAwMDAsImRlbGV0ZSI6MzAwMDAwMDAwMDAwLCJ1cGRhdGUiOjMwMDAwMDAwMDAwMH0sInNjaGVtYV92ZXJzaW9uIjoiMSJ9",
          "dependencies": [
            "yandex_vpc_network.default",
            "yandex_vpc_subnet.default"
          ]
        }
      ]
    },
    {
      "mode": "managed",
      "type": "yandex_vpc_network",
      "name": "default",
      "provider": "provider[\"registry.terraform.io/yandex-cloud/yandex\"]",
      "instances": [
        {
          "schema_version": 0,
          "attributes": {
            "created_at": "2022-06-19T11:08:08Z",
            "default_security_group_id": "",
            "description": "",
            "folder_id": "b1gpksnu88qbtk830p1h",
            "id": "enp8o6bfuhiurj0l5gnb",
            "labels": {},
            "name": "net",
            "subnet_ids": [],
            "timeouts": null
          },
          "sensitive_attributes": [],
          "private": "eyJlMmJmYjczMC1lY2FhLTExZTYtOGY4OC0zNDM2M2JjN2M0YzAiOnsiY3JlYXRlIjo2MDAwMDAwMDAwMCwiZGVsZXRlIjo2MDAwMDAwMDAwMCwidXBkYXRlIjo2MDAwMDAwMDAwMH19"
        }
      ]
    },
    {
      "mode": "managed",
      "type": "yandex_vpc_subnet",
      "name": "default",
      "provider": "provider[\"registry.terraform.io/yandex-cloud/yandex\"]",
      "instances": [
        {
          "schema_version": 0,
          "attributes": {
            "created_at": "2022-06-19T11:08:09Z",
            "description": "",
            "dhcp_options": [],
            "folder_id": "b1gpksnu88qbtk830p1h",
            "id": "e9b78l311l3o2pn3lmte",
            "labels": {},
            "name": "subnet",
            "network_id": "enp8o6bfuhiurj0l5gnb",
            "route_table_id": "",
            "timeouts": null,
            "v4_cidr_blocks": [
              "192.168.101.0/24"
            ],
            "v6_cidr_blocks": [],
            "zone": "ru-central1-a"
          },
          "sensitive_attributes": [],
          "private": "eyJlMmJmYjczMC1lY2FhLTExZTYtOGY4OC0zNDM2M2JjN2M0YzAiOnsiY3JlYXRlIjoxODAwMDAwMDAwMDAsImRlbGV0ZSI6MTgwMDAwMDAwMDAwLCJ1cGRhdGUiOjE4MDAwMDAwMDAwMH19",
          "dependencies": [
            "yandex_vpc_network.default"
          ]
        }
      ]
    }
  ]
}
