{
  "version": 4,
  "terraform_version": "1.2.2",
  "serial": 4,
  "lineage": "13a08d91-2f05-537b-177a-f5bc8c76481f",
  "outputs": {
    "external_ip_address_node01_yandex_cloud": {
      "value": "51.250.80.152",
      "type": "string"
    },
    "internal_ip_address_node01_yandex_cloud": {
      "value": "192.168.101.23",
      "type": "string"
    }
  },
  "resources": [
    {
      "mode": "managed",
      "type": "yandex_compute_instance",
      "name": "node01",
      "provider": "provider[\"registry.terraform.io/yandex-cloud/yandex\"]",
      "instances": [
        {
          "schema_version": 1,
          "attributes": {
            "allow_recreate": null,
            "allow_stopping_for_update": true,
            "boot_disk": [
              {
                "auto_delete": true,
                "device_name": "fhmblj9t440glqatdo7q",
                "disk_id": "fhmblj9t440glqatdo7q",
                "initialize_params": [
                  {
                    "block_size": 4096,
                    "description": "",
                    "image_id": "fd8erfr8a6nir4vartqn",
                    "name": "root-node01",
                    "size": 50,
                    "snapshot_id": "",
                    "type": "network-ssd"
                  }
                ],
                "mode": "READ_WRITE"
              }
            ],
            "created_at": "2022-06-14T23:37:24Z",
            "description": "",
            "folder_id": "b1gpksnu88qbtk830p1h",
            "fqdn": "node01.netology.cloud",
            "hostname": "node01",
            "id": "fhmgik00dqh6n0o2gugb",
            "labels": null,
            "metadata": {
              "ssh-keys": "centos:ssh-rsa AAAAB3NzaC1yc2EAAAADAQABAAABgQC5eGwMa5Ja1vb7H1qGWWMeHOxGA5DXyaSOxrPHfPD5XVa4k3pcelVa1N6Fnigmqf6JG69yC6ZwZll4ejYexSMeLBFaPMPj0WwY5Zr6TDfMw/c7vZhEw4rRv1NNVIa5nHLre4dEREHSOAwNaQChfNolIcqKzEqBFzPEfCzprx9Y3P9Epsq5x7KcPATPR03TaLbWcGR5dTUwTyyKBtzoaGFimy+qnmV2HENE+rHG2TPzvupdTFnvK8Itiyzk/iasEAyJUUpH1pyw7u8rlvVyH4ERDk0FfLwmfvpWaBTeyJf9clgWmpAB3PyzlIzvzA6aogAgXqTRF+oZy4DFQQhk4wGzwVQg1vjUvgPU/jKGE/XaqOgvsa9vbuS6IBjrpJgnGCmuSyJOM3lKtTagPLN5IoMcy57cZYYRPHSuRXP3YadnFG41tHvYM+GgfOkvyMtkRtItwSuWTzhpBize1b7D+BTk/u1QyYE+LAVkN1XLFdaIrbsfYVu+OiFWzuDnUcB0Tvs= ruslan@ruslan-notebook\n"
            },
            "name": "node01",
            "network_acceleration_type": "standard",
            "network_interface": [
              {
                "dns_record": [],
                "index": 0,
                "ip_address": "192.168.101.23",
                "ipv4": true,
                "ipv6": false,
                "ipv6_address": "",
                "ipv6_dns_record": [],
                "mac_address": "d0:0d:10:95:00:06",
                "nat": true,
                "nat_dns_record": [],
                "nat_ip_address": "51.250.80.152",
                "nat_ip_version": "IPV4",
                "security_group_ids": [],
                "subnet_id": "e9b834muto42obj9i1oa"
              }
            ],
            "placement_policy": [
              {
                "host_affinity_rules": [],
                "placement_group_id": ""
              }
            ],
            "platform_id": "standard-v1",
            "resources": [
              {
                "core_fraction": 100,
                "cores": 8,
                "gpus": 0,
                "memory": 8
              }
            ],
            "scheduling_policy": [
              {
                "preemptible": false
              }
            ],
            "secondary_disk": [],
            "service_account_id": "",
            "status": "running",
            "timeouts": null,
            "zone": "ru-central1-a"
          },
          "sensitive_attributes": [],
          "private": "eyJlMmJmYjczMC1lY2FhLTExZTYtOGY4OC0zNDM2M2JjN2M0YzAiOnsiY3JlYXRlIjozMDAwMDAwMDAwMDAsImRlbGV0ZSI6MzAwMDAwMDAwMDAwLCJ1cGRhdGUiOjMwMDAwMDAwMDAwMH0sInNjaGVtYV92ZXJzaW9uIjoiMSJ9",
          "dependencies": [
            "yandex_vpc_network.default",
            "yandex_vpc_subnet.default"
          ]
        }
      ]
    },
    {
      "mode": "managed",
      "type": "yandex_vpc_network",
      "name": "default",
      "provider": "provider[\"registry.terraform.io/yandex-cloud/yandex\"]",
      "instances": [
        {
          "schema_version": 0,
          "attributes": {
            "created_at": "2022-06-14T23:37:21Z",
            "default_security_group_id": "",
            "description": "",
            "folder_id": "b1gpksnu88qbtk830p1h",
            "id": "enpvhq5khdi7hic95k8j",
            "labels": {},
            "name": "net",
            "subnet_ids": [],
            "timeouts": null
          },
          "sensitive_attributes": [],
          "private": "eyJlMmJmYjczMC1lY2FhLTExZTYtOGY4OC0zNDM2M2JjN2M0YzAiOnsiY3JlYXRlIjo2MDAwMDAwMDAwMCwiZGVsZXRlIjo2MDAwMDAwMDAwMCwidXBkYXRlIjo2MDAwMDAwMDAwMH19"
        }
      ]
    },
    {
      "mode": "managed",
      "type": "yandex_vpc_subnet",
      "name": "default",
      "provider": "provider[\"registry.terraform.io/yandex-cloud/yandex\"]",
      "instances": [
        {
          "schema_version": 0,
          "attributes": {
            "created_at": "2022-06-14T23:37:22Z",
            "description": "",
            "dhcp_options": [],
            "folder_id": "b1gpksnu88qbtk830p1h",
            "id": "e9b834muto42obj9i1oa",
            "labels": {},
            "name": "subnet",
            "network_id": "enpvhq5khdi7hic95k8j",
            "route_table_id": "",
            "timeouts": null,
            "v4_cidr_blocks": [
              "192.168.101.0/24"
            ],
            "v6_cidr_blocks": [],
            "zone": "ru-central1-a"
          },
          "sensitive_attributes": [],
          "private": "eyJlMmJmYjczMC1lY2FhLTExZTYtOGY4OC0zNDM2M2JjN2M0YzAiOnsiY3JlYXRlIjoxODAwMDAwMDAwMDAsImRlbGV0ZSI6MTgwMDAwMDAwMDAwLCJ1cGRhdGUiOjE4MDAwMDAwMDAwMH19",
          "dependencies": [
            "yandex_vpc_network.default"
          ]
        }
      ]
    }
  ]
}
